services:
    app.block.language:
        class: Purethink\CMSBundle\Block\LanguageBlock
        tags:
            - { name: sonata.block }
        arguments: ["app.block.language", @templating, @app.language_service]

    app.block.menu:
        class: Purethink\CMSBundle\Block\MenuBlock
        tags:
            - { name: sonata.block }
        arguments: ["app.block.menu", @templating, @doctrine.orm.entity_manager, @request_stack]

    app.block.component:
        class: Purethink\CMSBundle\Block\ComponentBlock
        tags:
            - { name: sonata.block }
        arguments: ["app.block.componet", @templating, @doctrine.orm.entity_manager, @request_stack]